Microsoft Visual Studio Solution File, Format Version 12.00
# Visual Studio Version 17
VisualStudioVersion = 17.5.2.0
MinimumVisualStudioVersion = 10.0.40219.1
Project("{FAE04EC0-301F-11D3-BF4B-00C04F79EFBC}") = "RevisaoEcommerce", "RevisaoEcommerce.csproj", "{0B851728-1334-0C2A-EBD0-2AE79C075981}"
EndProject
Global
	GlobalSection(SolutionConfigurationPlatforms) = preSolution
		Debug|Any CPU = Debug|Any CPU
		Release|Any CPU = Release|Any CPU
	EndGlobalSection
	GlobalSection(ProjectConfigurationPlatforms) = postSolution
		{0B851728-1334-0C2A-EBD0-2AE79C075981}.Debug|Any CPU.ActiveCfg = Debug|Any CPU
		{0B851728-1334-0C2A-EBD0-2AE79C075981}.Debug|Any CPU.Build.0 = Debug|Any CPU
		{0B851728-1334-0C2A-EBD0-2AE79C075981}.Release|Any CPU.ActiveCfg = Release|Any CPU
		{0B851728-1334-0C2A-EBD0-2AE79C075981}.Release|Any CPU.Build.0 = Release|Any CPU
	EndGlobalSection
	GlobalSection(SolutionProperties) = preSolution
		HideSolutionNode = FALSE
	EndGlobalSection
	GlobalSection(ExtensibilityGlobals) = postSolution
		SolutionGuid = {97F923DA-60FD-45EA-BC83-EFB7E780C736}
	EndGlobalSection
EndGlobal
